
Microsoft Visual Studio Solution File, Format Version 12.00
# Visual Studio Version 17
VisualStudioVersion = 17.4.33103.184
MinimumVisualStudioVersion = 10.0.40219.1
Project("{FAE04EC0-301F-11D3-BF4B-00C04F79EFBC}") = "realtor-scraper", "realtor-scraper\realtor-scraper.csproj", "{38EC24AB-2CC7-4636-9780-AF5FDA905CAA}"
EndProject
Global
	GlobalSection(SolutionConfigurationPlatforms) = preSolution
		Debug|Any CPU = Debug|Any CPU
		Release|Any CPU = Release|Any CPU
	EndGlobalSection
	GlobalSection(ProjectConfigurationPlatforms) = postSolution
		{38EC24AB-2CC7-4636-9780-AF5FDA905CAA}.Debug|Any CPU.ActiveCfg = Debug|Any CPU
		{38EC24AB-2CC7-4636-9780-AF5FDA905CAA}.Debug|Any CPU.Build.0 = Debug|Any CPU
		{38EC24AB-2CC7-4636-9780-AF5FDA905CAA}.Release|Any CPU.ActiveCfg = Release|Any CPU
		{38EC24AB-2CC7-4636-9780-AF5FDA905CAA}.Release|Any CPU.Build.0 = Release|Any CPU
	EndGlobalSection
	GlobalSection(SolutionProperties) = preSolution
		HideSolutionNode = FALSE
	EndGlobalSection
	GlobalSection(ExtensibilityGlobals) = postSolution
		SolutionGuid = {D39FBC6A-2300-47C2-A90C-DF5298DEE2ED}
	EndGlobalSection
EndGlobal
