
Microsoft Visual Studio Solution File, Format Version 12.00
# Visual Studio Version 17
VisualStudioVersion = 17.4.33103.184
MinimumVisualStudioVersion = 10.0.40219.1
Project("{FAE04EC0-301F-11D3-BF4B-00C04F79EFBC}") = "zillow-scraper", "zillow-scraper\zillow-scraper.csproj", "{6E4C588F-E56D-4E67-9783-D8556A44E50B}"
EndProject
Global
	GlobalSection(SolutionConfigurationPlatforms) = preSolution
		Debug|Any CPU = Debug|Any CPU
		Release|Any CPU = Release|Any CPU
	EndGlobalSection
	GlobalSection(ProjectConfigurationPlatforms) = postSolution
		{6E4C588F-E56D-4E67-9783-D8556A44E50B}.Debug|Any CPU.ActiveCfg = Debug|Any CPU
		{6E4C588F-E56D-4E67-9783-D8556A44E50B}.Debug|Any CPU.Build.0 = Debug|Any CPU
		{6E4C588F-E56D-4E67-9783-D8556A44E50B}.Release|Any CPU.ActiveCfg = Release|Any CPU
		{6E4C588F-E56D-4E67-9783-D8556A44E50B}.Release|Any CPU.Build.0 = Release|Any CPU
	EndGlobalSection
	GlobalSection(SolutionProperties) = preSolution
		HideSolutionNode = FALSE
	EndGlobalSection
	GlobalSection(ExtensibilityGlobals) = postSolution
		SolutionGuid = {1557051B-B3E6-4238-9B91-8D04BB72B986}
	EndGlobalSection
EndGlobal
